
Microsoft Visual Studio Solution File, Format Version 12.00
# Visual Studio 15
VisualStudioVersion = 15.0.28307.757
MinimumVisualStudioVersion = 10.0.40219.1
Project("{FAE04EC0-301F-11D3-BF4B-00C04F79EFBC}") = "SimBridge", "SimBridge\SimBridge.csproj", "{2F0DACB0-2C3F-4B5B-8D24-CAFD3B7CD42F}"
EndProject
Global
	GlobalSection(SolutionConfigurationPlatforms) = preSolution
		Debug|Any CPU = Debug|Any CPU
		Release|Any CPU = Release|Any CPU
	EndGlobalSection
	GlobalSection(ProjectConfigurationPlatforms) = postSolution
		{2F0DACB0-2C3F-4B5B-8D24-CAFD3B7CD42F}.Debug|Any CPU.ActiveCfg = Debug|Any CPU
		{2F0DACB0-2C3F-4B5B-8D24-CAFD3B7CD42F}.Debug|Any CPU.Build.0 = Debug|Any CPU
		{2F0DACB0-2C3F-4B5B-8D24-CAFD3B7CD42F}.Release|Any CPU.ActiveCfg = Release|Any CPU
		{2F0DACB0-2C3F-4B5B-8D24-CAFD3B7CD42F}.Release|Any CPU.Build.0 = Release|Any CPU
	EndGlobalSection
	GlobalSection(SolutionProperties) = preSolution
		HideSolutionNode = FALSE
	EndGlobalSection
	GlobalSection(ExtensibilityGlobals) = postSolution
		SolutionGuid = {8DA84054-DD34-4654-AD5C-58F2CF92F276}
	EndGlobalSection
EndGlobal
